
Microsoft Visual Studio Solution File, Format Version 12.00
# Visual Studio 15
VisualStudioVersion = 15.0.28010.2046
MinimumVisualStudioVersion = 10.0.40219.1
Project("{FAE04EC0-301F-11D3-BF4B-00C04F79EFBC}") = "BusinessCore", "BusinessCore\BusinessCore.csproj", "{9DCD9A54-59F9-4855-B242-7335C9FE7A49}"
EndProject
Project("{FAE04EC0-301F-11D3-BF4B-00C04F79EFBC}") = "BusinessCore.Tests", "BusinessCore.Tests\BusinessCore.Tests.csproj", "{915B1520-2B41-4AC2-8411-F22158862D34}"
EndProject
Project("{FAE04EC0-301F-11D3-BF4B-00C04F79EFBC}") = "CarManagement", "CarManagement\CarManagement.csproj", "{6542EE62-2A8A-4BAF-869F-4427B0416032}"
EndProject
Project("{FAE04EC0-301F-11D3-BF4B-00C04F79EFBC}") = "CarManagement.Core", "CarManagement.Core\CarManagement.Core.csproj", "{39975372-AA61-4A08-82A4-60479C44F079}"
EndProject
Project("{FAE04EC0-301F-11D3-BF4B-00C04F79EFBC}") = "ToolBox", "ToolBox\ToolBox.csproj", "{67DCA661-F0A4-4EFA-91BA-A005F3A028BF}"
EndProject
Project("{FAE04EC0-301F-11D3-BF4B-00C04F79EFBC}") = "WinCarManager", "WinCarManager\WinCarManager.csproj", "{D9166B90-C950-4C4C-A370-F780457E13BF}"
EndProject
Global
	GlobalSection(SolutionConfigurationPlatforms) = preSolution
		Debug|Any CPU = Debug|Any CPU
		Release|Any CPU = Release|Any CPU
	EndGlobalSection
	GlobalSection(ProjectConfigurationPlatforms) = postSolution
		{9DCD9A54-59F9-4855-B242-7335C9FE7A49}.Debug|Any CPU.ActiveCfg = Debug|Any CPU
		{9DCD9A54-59F9-4855-B242-7335C9FE7A49}.Debug|Any CPU.Build.0 = Debug|Any CPU
		{9DCD9A54-59F9-4855-B242-7335C9FE7A49}.Release|Any CPU.ActiveCfg = Release|Any CPU
		{9DCD9A54-59F9-4855-B242-7335C9FE7A49}.Release|Any CPU.Build.0 = Release|Any CPU
		{915B1520-2B41-4AC2-8411-F22158862D34}.Debug|Any CPU.ActiveCfg = Debug|Any CPU
		{915B1520-2B41-4AC2-8411-F22158862D34}.Debug|Any CPU.Build.0 = Debug|Any CPU
		{915B1520-2B41-4AC2-8411-F22158862D34}.Release|Any CPU.ActiveCfg = Release|Any CPU
		{915B1520-2B41-4AC2-8411-F22158862D34}.Release|Any CPU.Build.0 = Release|Any CPU
		{6542EE62-2A8A-4BAF-869F-4427B0416032}.Debug|Any CPU.ActiveCfg = Debug|Any CPU
		{6542EE62-2A8A-4BAF-869F-4427B0416032}.Debug|Any CPU.Build.0 = Debug|Any CPU
		{6542EE62-2A8A-4BAF-869F-4427B0416032}.Release|Any CPU.ActiveCfg = Release|Any CPU
		{6542EE62-2A8A-4BAF-869F-4427B0416032}.Release|Any CPU.Build.0 = Release|Any CPU
		{39975372-AA61-4A08-82A4-60479C44F079}.Debug|Any CPU.ActiveCfg = Debug|Any CPU
		{39975372-AA61-4A08-82A4-60479C44F079}.Debug|Any CPU.Build.0 = Debug|Any CPU
		{39975372-AA61-4A08-82A4-60479C44F079}.Release|Any CPU.ActiveCfg = Release|Any CPU
		{39975372-AA61-4A08-82A4-60479C44F079}.Release|Any CPU.Build.0 = Release|Any CPU
		{67DCA661-F0A4-4EFA-91BA-A005F3A028BF}.Debug|Any CPU.ActiveCfg = Debug|Any CPU
		{67DCA661-F0A4-4EFA-91BA-A005F3A028BF}.Debug|Any CPU.Build.0 = Debug|Any CPU
		{67DCA661-F0A4-4EFA-91BA-A005F3A028BF}.Release|Any CPU.ActiveCfg = Release|Any CPU
		{67DCA661-F0A4-4EFA-91BA-A005F3A028BF}.Release|Any CPU.Build.0 = Release|Any CPU
		{D9166B90-C950-4C4C-A370-F780457E13BF}.Debug|Any CPU.ActiveCfg = Debug|Any CPU
		{D9166B90-C950-4C4C-A370-F780457E13BF}.Debug|Any CPU.Build.0 = Debug|Any CPU
		{D9166B90-C950-4C4C-A370-F780457E13BF}.Release|Any CPU.ActiveCfg = Release|Any CPU
		{D9166B90-C950-4C4C-A370-F780457E13BF}.Release|Any CPU.Build.0 = Release|Any CPU
	EndGlobalSection
	GlobalSection(SolutionProperties) = preSolution
		HideSolutionNode = FALSE
	EndGlobalSection
	GlobalSection(ExtensibilityGlobals) = postSolution
		SolutionGuid = {D73F1DB1-9D10-4673-B89D-F2E49DF443FF}
	EndGlobalSection
EndGlobal
